
Microsoft Visual Studio Solution File, Format Version 12.00
# Visual Studio 15
VisualStudioVersion = 15.0.28307.705
MinimumVisualStudioVersion = 10.0.40219.1
Project("{A0786B88-2ADB-4C21-ABE8-AA2D79766269}") = "Magasins", "Magasins\Magasins.phpproj", "{EFA12D96-5BA8-45C4-8B11-B5015D684B90}"
EndProject
Global
	GlobalSection(SolutionConfigurationPlatforms) = preSolution
		Debug|Any CPU = Debug|Any CPU
		Release|Any CPU = Release|Any CPU
	EndGlobalSection
	GlobalSection(ProjectConfigurationPlatforms) = postSolution
		{EFA12D96-5BA8-45C4-8B11-B5015D684B90}.Debug|Any CPU.ActiveCfg = Debug|Any CPU
		{EFA12D96-5BA8-45C4-8B11-B5015D684B90}.Release|Any CPU.ActiveCfg = Release|Any CPU
	EndGlobalSection
	GlobalSection(SolutionProperties) = preSolution
		HideSolutionNode = FALSE
	EndGlobalSection
	GlobalSection(ExtensibilityGlobals) = postSolution
		SolutionGuid = {1B5CF362-8F6D-4F8E-A2EB-88CA4BA88A4F}
	EndGlobalSection
EndGlobal
